
Microsoft Visual Studio Solution File, Format Version 12.00
# Visual Studio Version 17
VisualStudioVersion = 17.13.35828.75
MinimumVisualStudioVersion = 10.0.40219.1
Project("{FAE04EC0-301F-11D3-BF4B-00C04F79EFBC}") = "Api", "Api\Api.csproj", "{3A1B4B6D-B822-4741-B10D-E9661CDF40B6}"
EndProject
Project("{E53339B2-1760-4266-BCC7-CA923CBCF16C}") = "docker-compose", "docker-compose.dcproj", "{81DDED9D-158B-E303-5F62-77A2896D2A5A}"
EndProject
Project("{2150E333-8FDC-42A3-9474-1A3956D46DE8}") = "scr", "scr", "{3E39192F-4EAB-4262-99BB-7C73A4820510}"
EndProject
Project("{FAE04EC0-301F-11D3-BF4B-00C04F79EFBC}") = "Api.Tests.Integration", "Api.Tests.Integration\Api.Tests.Integration.csproj", "{759BB1AA-2AEC-4D27-86BF-FAFB012197D7}"
EndProject
Project("{2150E333-8FDC-42A3-9474-1A3956D46DE8}") = "tests", "tests", "{341464C1-FE91-4D5D-BDC7-A8E0810D3215}"
EndProject
Global
	GlobalSection(SolutionConfigurationPlatforms) = preSolution
		Debug|Any CPU = Debug|Any CPU
		Release|Any CPU = Release|Any CPU
	EndGlobalSection
	GlobalSection(ProjectConfigurationPlatforms) = postSolution
		{3A1B4B6D-B822-4741-B10D-E9661CDF40B6}.Debug|Any CPU.ActiveCfg = Debug|Any CPU
		{3A1B4B6D-B822-4741-B10D-E9661CDF40B6}.Debug|Any CPU.Build.0 = Debug|Any CPU
		{3A1B4B6D-B822-4741-B10D-E9661CDF40B6}.Release|Any CPU.ActiveCfg = Release|Any CPU
		{3A1B4B6D-B822-4741-B10D-E9661CDF40B6}.Release|Any CPU.Build.0 = Release|Any CPU
		{81DDED9D-158B-E303-5F62-77A2896D2A5A}.Debug|Any CPU.ActiveCfg = Debug|Any CPU
		{81DDED9D-158B-E303-5F62-77A2896D2A5A}.Debug|Any CPU.Build.0 = Debug|Any CPU
		{81DDED9D-158B-E303-5F62-77A2896D2A5A}.Release|Any CPU.ActiveCfg = Release|Any CPU
		{81DDED9D-158B-E303-5F62-77A2896D2A5A}.Release|Any CPU.Build.0 = Release|Any CPU
		{759BB1AA-2AEC-4D27-86BF-FAFB012197D7}.Debug|Any CPU.ActiveCfg = Debug|Any CPU
		{759BB1AA-2AEC-4D27-86BF-FAFB012197D7}.Debug|Any CPU.Build.0 = Debug|Any CPU
		{759BB1AA-2AEC-4D27-86BF-FAFB012197D7}.Release|Any CPU.ActiveCfg = Release|Any CPU
		{759BB1AA-2AEC-4D27-86BF-FAFB012197D7}.Release|Any CPU.Build.0 = Release|Any CPU
	EndGlobalSection
	GlobalSection(SolutionProperties) = preSolution
		HideSolutionNode = FALSE
	EndGlobalSection
	GlobalSection(NestedProjects) = preSolution
		{3A1B4B6D-B822-4741-B10D-E9661CDF40B6} = {3E39192F-4EAB-4262-99BB-7C73A4820510}
		{759BB1AA-2AEC-4D27-86BF-FAFB012197D7} = {341464C1-FE91-4D5D-BDC7-A8E0810D3215}
	EndGlobalSection
	GlobalSection(ExtensibilityGlobals) = postSolution
		SolutionGuid = {B1CA6104-47B8-4273-BBB1-B6557CAF0E17}
	EndGlobalSection
EndGlobal
